Microsoft Visual Studio Solution File, Format Version 12.00
# Visual Studio Version 17
VisualStudioVersion = 17.5.2.0
MinimumVisualStudioVersion = 10.0.40219.1
Project("{FAE04EC0-301F-11D3-BF4B-00C04F79EFBC}") = "BookTrackingSystem.Api", "backend\BookTrackingSystem.Api.csproj", "{AD0B610E-E6D8-1096-0770-584F4458B950}"
EndProject
Global
	GlobalSection(SolutionConfigurationPlatforms) = preSolution
		Debug|Any CPU = Debug|Any CPU
		Release|Any CPU = Release|Any CPU
	EndGlobalSection
	GlobalSection(ProjectConfigurationPlatforms) = postSolution
		{AD0B610E-E6D8-1096-0770-584F4458B950}.Debug|Any CPU.ActiveCfg = Debug|Any CPU
		{AD0B610E-E6D8-1096-0770-584F4458B950}.Debug|Any CPU.Build.0 = Debug|Any CPU
		{AD0B610E-E6D8-1096-0770-584F4458B950}.Release|Any CPU.ActiveCfg = Release|Any CPU
		{AD0B610E-E6D8-1096-0770-584F4458B950}.Release|Any CPU.Build.0 = Release|Any CPU
	EndGlobalSection
	GlobalSection(SolutionProperties) = preSolution
		HideSolutionNode = FALSE
	EndGlobalSection
	GlobalSection(ExtensibilityGlobals) = postSolution
		SolutionGuid = {F488B557-3A60-4D2B-8413-9372E1367E84}
	EndGlobalSection
EndGlobal
